failed to open log file "/var/log/pods/default_remote-bundler-job-cc8a4a26-a8bc-49eb-9b82-64a767487ed2-hbg96_db4a66d1-7cee-49ba-af49-670fffb4aa23/remote-bundler-job-cc8a4a26-a8bc-49eb-9b82-64a767487ed2/0.log": open /var/log/pods/default_remote-bundler-job-cc8a4a26-a8bc-49eb-9b82-64a767487ed2-hbg96_db4a66d1-7cee-49ba-af49-670fffb4aa23/remote-bundler-job-cc8a4a26-a8bc-49eb-9b82-64a767487ed2/0.log: no such file or directory